{
  "name": "upload",
  "version": "1.0.0",
  "lockfileVersion": 3,
  "requires": true,
  "packages": {
    "": {
      "name": "upload",
      "version": "1.0.0",
      "license": "ISC",
      "dependencies": {
        "pocketbase": "^0.26.1"
      }
    },
    "node_modules/pocketbase": {
      "version": "0.26.1",
      "resolved": "https://registry.npmjs.org/pocketbase/-/pocketbase-0.26.1.tgz",
      "integrity": "sha512-fjcPDpxyqTZCwqGUTPUV7vssIsNMqHxk9GxbhxYHPEf18RqX2d9cpSqbbHk7aas30jqkgptuKfG7aY/Mytjj3g==",
      "license": "MIT"
    }
  }
}
